
Microsoft Visual Studio Solution File, Format Version 12.00
# Visual Studio Version 17
VisualStudioVersion = 17.9.34728.123
MinimumVisualStudioVersion = 10.0.40219.1
Project("{9A19103F-16F7-4668-BE54-9A1E7A4F7556}") = "MVC_konfiguracija", "MVC_konfiguracija\MVC_konfiguracija.csproj", "{3CBC67D7-FDA3-44D2-A030-0AF2E3ED44D3}"
EndProject
Project("{9A19103F-16F7-4668-BE54-9A1E7A4F7556}") = "Connection_String_Standard", "Connection_String_Standard\Connection_String_Standard.csproj", "{C891BEAF-4679-42AB-A090-48EE72B74A8A}"
EndProject
Project("{9A19103F-16F7-4668-BE54-9A1E7A4F7556}") = "Connection_String_App_Settings", "Connection_String_App_Settings\Connection_String_App_Settings.csproj", "{EAEB964B-7EAD-4B18-91AC-187BEA2D3240}"
EndProject
Project("{FAE04EC0-301F-11D3-BF4B-00C04F79EFBC}") = "Connection_String_custom", "Connection_String_custom\Connection_String_custom.csproj", "{E58906E3-D9F4-4CBE-B162-3BA859440670}"
EndProject
Project("{FAE04EC0-301F-11D3-BF4B-00C04F79EFBC}") = "ADO_racuni", "ADO_racuni\ADO_racuni.csproj", "{3B5CD176-E590-410D-A587-BFA58DE8876C}"
EndProject
Global
	GlobalSection(SolutionConfigurationPlatforms) = preSolution
		Debug|Any CPU = Debug|Any CPU
		Release|Any CPU = Release|Any CPU
	EndGlobalSection
	GlobalSection(ProjectConfigurationPlatforms) = postSolution
		{3CBC67D7-FDA3-44D2-A030-0AF2E3ED44D3}.Debug|Any CPU.ActiveCfg = Debug|Any CPU
		{3CBC67D7-FDA3-44D2-A030-0AF2E3ED44D3}.Debug|Any CPU.Build.0 = Debug|Any CPU
		{3CBC67D7-FDA3-44D2-A030-0AF2E3ED44D3}.Release|Any CPU.ActiveCfg = Release|Any CPU
		{3CBC67D7-FDA3-44D2-A030-0AF2E3ED44D3}.Release|Any CPU.Build.0 = Release|Any CPU
		{C891BEAF-4679-42AB-A090-48EE72B74A8A}.Debug|Any CPU.ActiveCfg = Debug|Any CPU
		{C891BEAF-4679-42AB-A090-48EE72B74A8A}.Debug|Any CPU.Build.0 = Debug|Any CPU
		{C891BEAF-4679-42AB-A090-48EE72B74A8A}.Release|Any CPU.ActiveCfg = Release|Any CPU
		{C891BEAF-4679-42AB-A090-48EE72B74A8A}.Release|Any CPU.Build.0 = Release|Any CPU
		{EAEB964B-7EAD-4B18-91AC-187BEA2D3240}.Debug|Any CPU.ActiveCfg = Debug|Any CPU
		{EAEB964B-7EAD-4B18-91AC-187BEA2D3240}.Debug|Any CPU.Build.0 = Debug|Any CPU
		{EAEB964B-7EAD-4B18-91AC-187BEA2D3240}.Release|Any CPU.ActiveCfg = Release|Any CPU
		{EAEB964B-7EAD-4B18-91AC-187BEA2D3240}.Release|Any CPU.Build.0 = Release|Any CPU
		{E58906E3-D9F4-4CBE-B162-3BA859440670}.Debug|Any CPU.ActiveCfg = Debug|Any CPU
		{E58906E3-D9F4-4CBE-B162-3BA859440670}.Debug|Any CPU.Build.0 = Debug|Any CPU
		{E58906E3-D9F4-4CBE-B162-3BA859440670}.Release|Any CPU.ActiveCfg = Release|Any CPU
		{E58906E3-D9F4-4CBE-B162-3BA859440670}.Release|Any CPU.Build.0 = Release|Any CPU
		{3B5CD176-E590-410D-A587-BFA58DE8876C}.Debug|Any CPU.ActiveCfg = Debug|Any CPU
		{3B5CD176-E590-410D-A587-BFA58DE8876C}.Debug|Any CPU.Build.0 = Debug|Any CPU
		{3B5CD176-E590-410D-A587-BFA58DE8876C}.Release|Any CPU.ActiveCfg = Release|Any CPU
		{3B5CD176-E590-410D-A587-BFA58DE8876C}.Release|Any CPU.Build.0 = Release|Any CPU
	EndGlobalSection
	GlobalSection(SolutionProperties) = preSolution
		HideSolutionNode = FALSE
	EndGlobalSection
	GlobalSection(ExtensibilityGlobals) = postSolution
		SolutionGuid = {3D20102C-B355-4EA3-94AF-808DA517833F}
	EndGlobalSection
EndGlobal
